// !$*UTF8*$!
{
	archiveVersion = 1;
	classes = {
	};
	objectVersion = 50;
	objects = {

/* Begin PBXBuildFile section */
		04434CCA2258CD9400B1A48A /* AppDelegate.swift in Sources */ = {isa = PBXBuildFile; fileRef = 04434CC92258CD9400B1A48A /* AppDelegate.swift */; };
		04434CCC2258CD9400B1A48A /* MapViewController.swift in Sources */ = {isa = PBXBuildFile; fileRef = 04434CCB2258CD9400B1A48A /* MapViewController.swift */; };
		04434CCE2258CD9400B1A48A /* PinListViewController.swift in Sources */ = {isa = PBXBuildFile; fileRef = 04434CCD2258CD9400B1A48A /* PinListViewController.swift */; };
		04434CD12258CD9400B1A48A /* Main.storyboard in Resources */ = {isa = PBXBuildFile; fileRef = 04434CCF2258CD9400B1A48A /* Main.storyboard */; };
		04434CD32258CD9500B1A48A /* Assets.xcassets in Resources */ = {isa = PBXBuildFile; fileRef = 04434CD22258CD9500B1A48A /* Assets.xcassets */; };
		04434CD62258CD9500B1A48A /* LaunchScreen.storyboard in Resources */ = {isa = PBXBuildFile; fileRef = 04434CD42258CD9500B1A48A /* LaunchScreen.storyboard */; };
		04434CE62258D2F400B1A48A /* LoginButton.swift in Sources */ = {isa = PBXBuildFile; fileRef = 04434CE52258D2F400B1A48A /* LoginButton.swift */; };
		04434CED2258DF1700B1A48A /* LoginViewController.swift in Sources */ = {isa = PBXBuildFile; fileRef = 04434CEC2258DF1700B1A48A /* LoginViewController.swift */; };
		04434CEF2258E01C00B1A48A /* UdacityClient.swift in Sources */ = {isa = PBXBuildFile; fileRef = 04434CEE2258E01C00B1A48A /* UdacityClient.swift */; };
		04434CF12258E12F00B1A48A /* PostSession.swift in Sources */ = {isa = PBXBuildFile; fileRef = 04434CF02258E12F00B1A48A /* PostSession.swift */; };
		04434CF32258E1EC00B1A48A /* SessionResponse.swift in Sources */ = {isa = PBXBuildFile; fileRef = 04434CF22258E1EC00B1A48A /* SessionResponse.swift */; };
		04434CF52258E58600B1A48A /* UdacityResponse.swift in Sources */ = {isa = PBXBuildFile; fileRef = 04434CF42258E58600B1A48A /* UdacityResponse.swift */; };
/* End PBXBuildFile section */

/* Begin PBXFileReference section */
		04434CC62258CD9400B1A48A /* OnTheMap.app */ = {isa = PBXFileReference; explicitFileType = wrapper.application; includeInIndex = 0; path = OnTheMap.app; sourceTree = BUILT_PRODUCTS_DIR; };
		04434CC92258CD9400B1A48A /* AppDelegate.swift */ = {isa = PBXFileReference; lastKnownFileType = sourcecode.swift; path = AppDelegate.swift; sourceTree = "<group>"; };
		04434CCB2258CD9400B1A48A /* MapViewController.swift */ = {isa = PBXFileReference; lastKnownFileType = sourcecode.swift; path = MapViewController.swift; sourceTree = "<group>"; };
		04434CCD2258CD9400B1A48A /* PinListViewController.swift */ = {isa = PBXFileReference; lastKnownFileType = sourcecode.swift; path = PinListViewController.swift; sourceTree = "<group>"; };
		04434CD02258CD9400B1A48A /* Base */ = {isa = PBXFileReference; lastKnownFileType = file.storyboard; name = Base; path = Base.lproj/Main.storyboard; sourceTree = "<group>"; };
		04434CD22258CD9500B1A48A /* Assets.xcassets */ = {isa = PBXFileReference; lastKnownFileType = folder.assetcatalog; path = Assets.xcassets; sourceTree = "<group>"; };
		04434CD52258CD9500B1A48A /* Base */ = {isa = PBXFileReference; lastKnownFileType = file.storyboard; name = Base; path = Base.lproj/LaunchScreen.storyboard; sourceTree = "<group>"; };
		04434CD72258CD9500B1A48A /* Info.plist */ = {isa = PBXFileReference; lastKnownFileType = text.plist.xml; path = Info.plist; sourceTree = "<group>"; };
		04434CE52258D2F400B1A48A /* LoginButton.swift */ = {isa = PBXFileReference; lastKnownFileType = sourcecode.swift; path = LoginButton.swift; sourceTree = "<group>"; };
		04434CEC2258DF1700B1A48A /* LoginViewController.swift */ = {isa = PBXFileReference; lastKnownFileType = sourcecode.swift; path = LoginViewController.swift; sourceTree = "<group>"; };
		04434CEE2258E01C00B1A48A /* UdacityClient.swift */ = {isa = PBXFileReference; lastKnownFileType = sourcecode.swift; path = UdacityClient.swift; sourceTree = "<group>"; };
		04434CF02258E12F00B1A48A /* PostSession.swift */ = {isa = PBXFileReference; lastKnownFileType = sourcecode.swift; path = PostSession.swift; sourceTree = "<group>"; };
		04434CF22258E1EC00B1A48A /* SessionResponse.swift */ = {isa = PBXFileReference; lastKnownFileType = sourcecode.swift; path = SessionResponse.swift; sourceTree = "<group>"; };
		04434CF42258E58600B1A48A /* UdacityResponse.swift */ = {isa = PBXFileReference; lastKnownFileType = sourcecode.swift; path = UdacityResponse.swift; sourceTree = "<group>"; };
/* End PBXFileReference section */

/* Begin PBXFrameworksBuildPhase section */
		04434CC32258CD9400B1A48A /* Frameworks */ = {
			isa = PBXFrameworksBuildPhase;
			buildActionMask = 2147483647;
			files = (
			);
			runOnlyForDeploymentPostprocessing = 0;
		};
/* End PBXFrameworksBuildPhase section */

/* Begin PBXGroup section */
		04434CBD2258CD9400B1A48A = {
			isa = PBXGroup;
			children = (
				04434CC82258CD9400B1A48A /* OnTheMap */,
				04434CC72258CD9400B1A48A /* Products */,
			);
			sourceTree = "<group>";
		};
		04434CC72258CD9400B1A48A /* Products */ = {
			isa = PBXGroup;
			children = (
				04434CC62258CD9400B1A48A /* OnTheMap.app */,
			);
			name = Products;
			sourceTree = "<group>";
		};
		04434CC82258CD9400B1A48A /* OnTheMap */ = {
			isa = PBXGroup;
			children = (
				04434CE12258CDF000B1A48A /* View */,
				04434CE02258CDE500B1A48A /* Model */,
				04434CC92258CD9400B1A48A /* AppDelegate.swift */,
				04434CDE2258CDCE00B1A48A /* Controller */,
				04434CDF2258CDD800B1A48A /* Assets */,
				04434CD72258CD9500B1A48A /* Info.plist */,
			);
			path = OnTheMap;
			sourceTree = "<group>";
		};
		04434CDE2258CDCE00B1A48A /* Controller */ = {
			isa = PBXGroup;
			children = (
				04434CCB2258CD9400B1A48A /* MapViewController.swift */,
				04434CCD2258CD9400B1A48A /* PinListViewController.swift */,
				04434CEC2258DF1700B1A48A /* LoginViewController.swift */,
			);
			path = Controller;
			sourceTree = "<group>";
		};
		04434CDF2258CDD800B1A48A /* Assets */ = {
			isa = PBXGroup;
			children = (
				04434CCF2258CD9400B1A48A /* Main.storyboard */,
				04434CD22258CD9500B1A48A /* Assets.xcassets */,
				04434CD42258CD9500B1A48A /* LaunchScreen.storyboard */,
			);
			path = Assets;
			sourceTree = "<group>";
		};
		04434CE02258CDE500B1A48A /* Model */ = {
			isa = PBXGroup;
			children = (
				04434CE42258CE1400B1A48A /* Udacity Responses */,
				04434CE32258CE0F00B1A48A /* Udacity Requests */,
				04434CE22258CE0000B1A48A /* Udacity Client */,
			);
			path = Model;
			sourceTree = "<group>";
		};
		04434CE12258CDF000B1A48A /* View */ = {
			isa = PBXGroup;
			children = (
				04434CE52258D2F400B1A48A /* LoginButton.swift */,
			);
			path = View;
			sourceTree = "<group>";
		};
		04434CE22258CE0000B1A48A /* Udacity Client */ = {
			isa = PBXGroup;
			children = (
				04434CEE2258E01C00B1A48A /* UdacityClient.swift */,
			);
			path = "Udacity Client";
			sourceTree = "<group>";
		};
		04434CE32258CE0F00B1A48A /* Udacity Requests */ = {
			isa = PBXGroup;
			children = (
				04434CF02258E12F00B1A48A /* PostSession.swift */,
			);
			path = "Udacity Requests";
			sourceTree = "<group>";
		};
		04434CE42258CE1400B1A48A /* Udacity Responses */ = {
			isa = PBXGroup;
			children = (
				04434CF22258E1EC00B1A48A /* SessionResponse.swift */,
				04434CF42258E58600B1A48A /* UdacityResponse.swift */,
			);
			path = "Udacity Responses";
			sourceTree = "<group>";
		};
/* End PBXGroup section */

/* Begin PBXNativeTarget section */
		04434CC52258CD9400B1A48A /* OnTheMap */ = {
			isa = PBXNativeTarget;
			buildConfigurationList = 04434CDA2258CD9500B1A48A /* Build configuration list for PBXNativeTarget "OnTheMap" */;
			buildPhases = (
				04434CC22258CD9400B1A48A /* Sources */,
				04434CC32258CD9400B1A48A /* Frameworks */,
				04434CC42258CD9400B1A48A /* Resources */,
			);
			buildRules = (
			);
			dependencies = (
			);
			name = OnTheMap;
			productName = OnTheMap;
			productReference = 04434CC62258CD9400B1A48A /* OnTheMap.app */;
			productType = "com.apple.product-type.application";
		};
/* End PBXNativeTarget section */

/* Begin PBXProject section */
		04434CBE2258CD9400B1A48A /* Project object */ = {
			isa = PBXProject;
			attributes = {
				LastSwiftUpdateCheck = 1020;
				LastUpgradeCheck = 1020;
				ORGANIZATIONNAME = Udacity;
				TargetAttributes = {
					04434CC52258CD9400B1A48A = {
						CreatedOnToolsVersion = 10.2;
					};
				};
			};
			buildConfigurationList = 04434CC12258CD9400B1A48A /* Build configuration list for PBXProject "OnTheMap" */;
			compatibilityVersion = "Xcode 9.3";
			developmentRegion = en;
			hasScannedForEncodings = 0;
			knownRegions = (
				en,
				Base,
			);
			mainGroup = 04434CBD2258CD9400B1A48A;
			productRefGroup = 04434CC72258CD9400B1A48A /* Products */;
			projectDirPath = "";
			projectRoot = "";
			targets = (
				04434CC52258CD9400B1A48A /* OnTheMap */,
			);
		};
/* End PBXProject section */

/* Begin PBXResourcesBuildPhase section */
		04434CC42258CD9400B1A48A /* Resources */ = {
			isa = PBXResourcesBuildPhase;
			buildActionMask = 2147483647;
			files = (
				04434CD62258CD9500B1A48A /* LaunchScreen.storyboard in Resources */,
				04434CD32258CD9500B1A48A /* Assets.xcassets in Resources */,
				04434CD12258CD9400B1A48A /* Main.storyboard in Resources */,
			);
			runOnlyForDeploymentPostprocessing = 0;
		};
/* End PBXResourcesBuildPhase section */

/* Begin PBXSourcesBuildPhase section */
		04434CC22258CD9400B1A48A /* Sources */ = {
			isa = PBXSourcesBuildPhase;
			buildActionMask = 2147483647;
			files = (
				04434CCE2258CD9400B1A48A /* PinListViewController.swift in Sources */,
				04434CE62258D2F400B1A48A /* LoginButton.swift in Sources */,
				04434CEF2258E01C00B1A48A /* UdacityClient.swift in Sources */,
				04434CF32258E1EC00B1A48A /* SessionResponse.swift in Sources */,
				04434CF52258E58600B1A48A /* UdacityResponse.swift in Sources */,
				04434CCA2258CD9400B1A48A /* AppDelegate.swift in Sources */,
				04434CED2258DF1700B1A48A /* LoginViewController.swift in Sources */,
				04434CF12258E12F00B1A48A /* PostSession.swift in Sources */,
				04434CCC2258CD9400B1A48A /* MapViewController.swift in Sources */,
			);
			runOnlyForDeploymentPostprocessing = 0;
		};
/* End PBXSourcesBuildPhase section */

/* Begin PBXVariantGroup section */
		04434CCF2258CD9400B1A48A /* Main.storyboard */ = {
			isa = PBXVariantGroup;
			children = (
				04434CD02258CD9400B1A48A /* Base */,
			);
			name = Main.storyboard;
			sourceTree = "<group>";
		};
		04434CD42258CD9500B1A48A /* LaunchScreen.storyboard */ = {
			isa = PBXVariantGroup;
			children = (
				04434CD52258CD9500B1A48A /* Base */,
			);
			name = LaunchScreen.storyboard;
			sourceTree = "<group>";
		};
/* End PBXVariantGroup section */

/* Begin XCBuildConfiguration section */
		04434CD82258CD9500B1A48A /* Debug */ = {
			isa = XCBuildConfiguration;
			buildSettings = {
				ALWAYS_SEARCH_USER_PATHS = NO;
				CLANG_ANALYZER_NONNULL = YES;
				CLANG_ANALYZER_NUMBER_OBJECT_CONVERSION = YES_AGGRESSIVE;
				CLANG_CXX_LANGUAGE_STANDARD = "gnu++14";
				CLANG_CXX_LIBRARY = "libc++";
				CLANG_ENABLE_MODULES = YES;
				CLANG_ENABLE_OBJC_ARC = YES;
				CLANG_ENABLE_OBJC_WEAK = YES;
				CLANG_WARN_BLOCK_CAPTURE_AUTORELEASING = YES;
				CLANG_WARN_BOOL_CONVERSION = YES;
				CLANG_WARN_COMMA = YES;
				CLANG_WARN_CONSTANT_CONVERSION = YES;
				CLANG_WARN_DEPRECATED_OBJC_IMPLEMENTATIONS = YES;
				CLANG_WARN_DIRECT_OBJC_ISA_USAGE = YES_ERROR;
				CLANG_WARN_DOCUMENTATION_COMMENTS = YES;
				CLANG_WARN_EMPTY_BODY = YES;
				CLANG_WARN_ENUM_CONVERSION = YES;
				CLANG_WARN_INFINITE_RECURSION = YES;
				CLANG_WARN_INT_CONVERSION = YES;
				CLANG_WARN_NON_LITERAL_NULL_CONVERSION = YES;
				CLANG_WARN_OBJC_IMPLICIT_RETAIN_SELF = YES;
				CLANG_WARN_OBJC_LITERAL_CONVERSION = YES;
				CLANG_WARN_OBJC_ROOT_CLASS = YES_ERROR;
				CLANG_WARN_RANGE_LOOP_ANALYSIS = YES;
				CLANG_WARN_STRICT_PROTOTYPES = YES;
				CLANG_WARN_SUSPICIOUS_MOVE = YES;
				CLANG_WARN_UNGUARDED_AVAILABILITY = YES_AGGRESSIVE;
				CLANG_WARN_UNREACHABLE_CODE = YES;
				CLANG_WARN__DUPLICATE_METHOD_MATCH = YES;
				CODE_SIGN_IDENTITY = "iPhone Developer";
				COPY_PHASE_STRIP = NO;
				DEBUG_INFORMATION_FORMAT = dwarf;
				ENABLE_STRICT_OBJC_MSGSEND = YES;
				ENABLE_TESTABILITY = YES;
				GCC_C_LANGUAGE_STANDARD = gnu11;
				GCC_DYNAMIC_NO_PIC = NO;
				GCC_NO_COMMON_BLOCKS = YES;
				GCC_OPTIMIZATION_LEVEL = 0;
				GCC_PREPROCESSOR_DEFINITIONS = (
					"DEBUG=1",
					"$(inherited)",
				);
				GCC_WARN_64_TO_32_BIT_CONVERSION = YES;
				GCC_WARN_ABOUT_RETURN_TYPE = YES_ERROR;
				GCC_WARN_UNDECLARED_SELECTOR = YES;
				GCC_WARN_UNINITIALIZED_AUTOS = YES_AGGRESSIVE;
				GCC_WARN_UNUSED_FUNCTION = YES;
				GCC_WARN_UNUSED_VARIABLE = YES;
				IPHONEOS_DEPLOYMENT_TARGET = 12.2;
				MTL_ENABLE_DEBUG_INFO = INCLUDE_SOURCE;
				MTL_FAST_MATH = YES;
				ONLY_ACTIVE_ARCH = YES;
				SDKROOT = iphoneos;
				SWIFT_ACTIVE_COMPILATION_CONDITIONS = DEBUG;
				SWIFT_OPTIMIZATION_LEVEL = "-Onone";
			};
			name = Debug;
		};
		04434CD92258CD9500B1A48A /* Release */ = {
			isa = XCBuildConfiguration;
			buildSettings = {
				ALWAYS_SEARCH_USER_PATHS = NO;
				CLANG_ANALYZER_NONNULL = YES;
				CLANG_ANALYZER_NUMBER_OBJECT_CONVERSION = YES_AGGRESSIVE;
				CLANG_CXX_LANGUAGE_STANDARD = "gnu++14";
				CLANG_CXX_LIBRARY = "libc++";
				CLANG_ENABLE_MODULES = YES;
				CLANG_ENABLE_OBJC_ARC = YES;
				CLANG_ENABLE_OBJC_WEAK = YES;
				CLANG_WARN_BLOCK_CAPTURE_AUTORELEASING = YES;
				CLANG_WARN_BOOL_CONVERSION = YES;
				CLANG_WARN_COMMA = YES;
				CLANG_WARN_CONSTANT_CONVERSION = YES;
				CLANG_WARN_DEPRECATED_OBJC_IMPLEMENTATIONS = YES;
				CLANG_WARN_DIRECT_OBJC_ISA_USAGE = YES_ERROR;
				CLANG_WARN_DOCUMENTATION_COMMENTS = YES;
				CLANG_WARN_EMPTY_BODY = YES;
				CLANG_WARN_ENUM_CONVERSION = YES;
				CLANG_WARN_INFINITE_RECURSION = YES;
				CLANG_WARN_INT_CONVERSION = YES;
				CLANG_WARN_NON_LITERAL_NULL_CONVERSION = YES;
				CLANG_WARN_OBJC_IMPLICIT_RETAIN_SELF = YES;
				CLANG_WARN_OBJC_LITERAL_CONVERSION = YES;
				CLANG_WARN_OBJC_ROOT_CLASS = YES_ERROR;
				CLANG_WARN_RANGE_LOOP_ANALYSIS = YES;
				CLANG_WARN_STRICT_PROTOTYPES = YES;
				CLANG_WARN_SUSPICIOUS_MOVE = YES;
				CLANG_WARN_UNGUARDED_AVAILABILITY = YES_AGGRESSIVE;
				CLANG_WARN_UNREACHABLE_CODE = YES;
				CLANG_WARN__DUPLICATE_METHOD_MATCH = YES;
				CODE_SIGN_IDENTITY = "iPhone Developer";
				COPY_PHASE_STRIP = NO;
				DEBUG_INFORMATION_FORMAT = "dwarf-with-dsym";
				ENABLE_NS_ASSERTIONS = NO;
				ENABLE_STRICT_OBJC_MSGSEND = YES;
				GCC_C_LANGUAGE_STANDARD = gnu11;
				GCC_NO_COMMON_BLOCKS = YES;
				GCC_WARN_64_TO_32_BIT_CONVERSION = YES;
				GCC_WARN_ABOUT_RETURN_TYPE = YES_ERROR;
				GCC_WARN_UNDECLARED_SELECTOR = YES;
				GCC_WARN_UNINITIALIZED_AUTOS = YES_AGGRESSIVE;
				GCC_WARN_UNUSED_FUNCTION = YES;
				GCC_WARN_UNUSED_VARIABLE = YES;
				IPHONEOS_DEPLOYMENT_TARGET = 12.2;
				MTL_ENABLE_DEBUG_INFO = NO;
				MTL_FAST_MATH = YES;
				SDKROOT = iphoneos;
				SWIFT_COMPILATION_MODE = wholemodule;
				SWIFT_OPTIMIZATION_LEVEL = "-O";
				VALIDATE_PRODUCT = YES;
			};
			name = Release;
		};
		04434CDB2258CD9500B1A48A /* Debug */ = {
			isa = XCBuildConfiguration;
			buildSettings = {
				ASSETCATALOG_COMPILER_APPICON_NAME = AppIcon;
				CODE_SIGN_STYLE = Automatic;
				DEVELOPMENT_TEAM = XRW2FSQ9QP;
				INFOPLIST_FILE = OnTheMap/Info.plist;
				LD_RUNPATH_SEARCH_PATHS = (
					"$(inherited)",
					"@executable_path/Frameworks",
				);
				PRODUCT_BUNDLE_IDENTIFIER = com.udacity.OnTheMap;
				PRODUCT_NAME = "$(TARGET_NAME)";
				SWIFT_VERSION = 5.0;
				TARGETED_DEVICE_FAMILY = "1,2";
			};
			name = Debug;
		};
		04434CDC2258CD9500B1A48A /* Release */ = {
			isa = XCBuildConfiguration;
			buildSettings = {
				ASSETCATALOG_COMPILER_APPICON_NAME = AppIcon;
				CODE_SIGN_STYLE = Automatic;
				DEVELOPMENT_TEAM = XRW2FSQ9QP;
				INFOPLIST_FILE = OnTheMap/Info.plist;
				LD_RUNPATH_SEARCH_PATHS = (
					"$(inherited)",
					"@executable_path/Frameworks",
				);
				PRODUCT_BUNDLE_IDENTIFIER = com.udacity.OnTheMap;
				PRODUCT_NAME = "$(TARGET_NAME)";
				SWIFT_VERSION = 5.0;
				TARGETED_DEVICE_FAMILY = "1,2";
			};
			name = Release;
		};
/* End XCBuildConfiguration section */

/* Begin XCConfigurationList section */
		04434CC12258CD9400B1A48A /* Build configuration list for PBXProject "OnTheMap" */ = {
			isa = XCConfigurationList;
			buildConfigurations = (
				04434CD82258CD9500B1A48A /* Debug */,
				04434CD92258CD9500B1A48A /* Release */,
			);
			defaultConfigurationIsVisible = 0;
			defaultConfigurationName = Release;
		};
		04434CDA2258CD9500B1A48A /* Build configuration list for PBXNativeTarget "OnTheMap" */ = {
			isa = XCConfigurationList;
			buildConfigurations = (
				04434CDB2258CD9500B1A48A /* Debug */,
				04434CDC2258CD9500B1A48A /* Release */,
			);
			defaultConfigurationIsVisible = 0;
			defaultConfigurationName = Release;
		};
/* End XCConfigurationList section */
	};
	rootObject = 04434CBE2258CD9400B1A48A /* Project object */;
}
